
Microsoft Visual Studio Solution File, Format Version 12.00
# Visual Studio Version 17
VisualStudioVersion = 17.1.32328.378
MinimumVisualStudioVersion = 10.0.40219.1
Project("{FAE04EC0-301F-11D3-BF4B-00C04F79EFBC}") = "JSONTutorial", "JSONTutorial\JSONTutorial.csproj", "{8D82E120-D0A9-4EB2-B332-86157B33FFE1}"
EndProject
Global
	GlobalSection(SolutionConfigurationPlatforms) = preSolution
		Debug|Any CPU = Debug|Any CPU
		Release|Any CPU = Release|Any CPU
	EndGlobalSection
	GlobalSection(ProjectConfigurationPlatforms) = postSolution
		{8D82E120-D0A9-4EB2-B332-86157B33FFE1}.Debug|Any CPU.ActiveCfg = Debug|Any CPU
		{8D82E120-D0A9-4EB2-B332-86157B33FFE1}.Debug|Any CPU.Build.0 = Debug|Any CPU
		{8D82E120-D0A9-4EB2-B332-86157B33FFE1}.Release|Any CPU.ActiveCfg = Release|Any CPU
		{8D82E120-D0A9-4EB2-B332-86157B33FFE1}.Release|Any CPU.Build.0 = Release|Any CPU
	EndGlobalSection
	GlobalSection(SolutionProperties) = preSolution
		HideSolutionNode = FALSE
	EndGlobalSection
	GlobalSection(ExtensibilityGlobals) = postSolution
		SolutionGuid = {B9FF39D1-8A19-4EA6-BFDD-9B1FDD33F4AE}
	EndGlobalSection
EndGlobal
